
Microsoft Visual Studio Solution File, Format Version 12.00
# Visual Studio Version 17
VisualStudioVersion = 17.0.31903.59
MinimumVisualStudioVersion = 10.0.40219.1
Project("{FAE04EC0-301F-11D3-BF4B-00C04F79EFBC}") = "API", "API\API.csproj", "{B15E49A6-39C5-44A6-9DEC-380DC6D8116C}"
EndProject
Project("{FAE04EC0-301F-11D3-BF4B-00C04F79EFBC}") = "Application", "Application\Application.csproj", "{A64ACA23-AB7B-4E25-A806-A44404F5C3C5}"
EndProject
Project("{FAE04EC0-301F-11D3-BF4B-00C04F79EFBC}") = "Domain", "Domain\Domain.csproj", "{C03C3A3A-40FE-400F-992E-3604642CC895}"
EndProject
Project("{FAE04EC0-301F-11D3-BF4B-00C04F79EFBC}") = "Persistence", "Persistence\Persistence.csproj", "{D9074476-BA47-4F31-87A5-EE4280D9EEA1}"
EndProject
Global
	GlobalSection(SolutionConfigurationPlatforms) = preSolution
		Debug|Any CPU = Debug|Any CPU
		Debug|x64 = Debug|x64
		Debug|x86 = Debug|x86
		Release|Any CPU = Release|Any CPU
		Release|x64 = Release|x64
		Release|x86 = Release|x86
	EndGlobalSection
	GlobalSection(ProjectConfigurationPlatforms) = postSolution
		{B15E49A6-39C5-44A6-9DEC-380DC6D8116C}.Debug|Any CPU.ActiveCfg = Debug|Any CPU
		{B15E49A6-39C5-44A6-9DEC-380DC6D8116C}.Debug|Any CPU.Build.0 = Debug|Any CPU
		{B15E49A6-39C5-44A6-9DEC-380DC6D8116C}.Debug|x64.ActiveCfg = Debug|Any CPU
		{B15E49A6-39C5-44A6-9DEC-380DC6D8116C}.Debug|x64.Build.0 = Debug|Any CPU
		{B15E49A6-39C5-44A6-9DEC-380DC6D8116C}.Debug|x86.ActiveCfg = Debug|Any CPU
		{B15E49A6-39C5-44A6-9DEC-380DC6D8116C}.Debug|x86.Build.0 = Debug|Any CPU
		{B15E49A6-39C5-44A6-9DEC-380DC6D8116C}.Release|Any CPU.ActiveCfg = Release|Any CPU
		{B15E49A6-39C5-44A6-9DEC-380DC6D8116C}.Release|Any CPU.Build.0 = Release|Any CPU
		{B15E49A6-39C5-44A6-9DEC-380DC6D8116C}.Release|x64.ActiveCfg = Release|Any CPU
		{B15E49A6-39C5-44A6-9DEC-380DC6D8116C}.Release|x64.Build.0 = Release|Any CPU
		{B15E49A6-39C5-44A6-9DEC-380DC6D8116C}.Release|x86.ActiveCfg = Release|Any CPU
		{B15E49A6-39C5-44A6-9DEC-380DC6D8116C}.Release|x86.Build.0 = Release|Any CPU
		{A64ACA23-AB7B-4E25-A806-A44404F5C3C5}.Debug|Any CPU.ActiveCfg = Debug|Any CPU
		{A64ACA23-AB7B-4E25-A806-A44404F5C3C5}.Debug|Any CPU.Build.0 = Debug|Any CPU
		{A64ACA23-AB7B-4E25-A806-A44404F5C3C5}.Debug|x64.ActiveCfg = Debug|Any CPU
		{A64ACA23-AB7B-4E25-A806-A44404F5C3C5}.Debug|x64.Build.0 = Debug|Any CPU
		{A64ACA23-AB7B-4E25-A806-A44404F5C3C5}.Debug|x86.ActiveCfg = Debug|Any CPU
		{A64ACA23-AB7B-4E25-A806-A44404F5C3C5}.Debug|x86.Build.0 = Debug|Any CPU
		{A64ACA23-AB7B-4E25-A806-A44404F5C3C5}.Release|Any CPU.ActiveCfg = Release|Any CPU
		{A64ACA23-AB7B-4E25-A806-A44404F5C3C5}.Release|Any CPU.Build.0 = Release|Any CPU
		{A64ACA23-AB7B-4E25-A806-A44404F5C3C5}.Release|x64.ActiveCfg = Release|Any CPU
		{A64ACA23-AB7B-4E25-A806-A44404F5C3C5}.Release|x64.Build.0 = Release|Any CPU
		{A64ACA23-AB7B-4E25-A806-A44404F5C3C5}.Release|x86.ActiveCfg = Release|Any CPU
		{A64ACA23-AB7B-4E25-A806-A44404F5C3C5}.Release|x86.Build.0 = Release|Any CPU
		{C03C3A3A-40FE-400F-992E-3604642CC895}.Debug|Any CPU.ActiveCfg = Debug|Any CPU
		{C03C3A3A-40FE-400F-992E-3604642CC895}.Debug|Any CPU.Build.0 = Debug|Any CPU
		{C03C3A3A-40FE-400F-992E-3604642CC895}.Debug|x64.ActiveCfg = Debug|Any CPU
		{C03C3A3A-40FE-400F-992E-3604642CC895}.Debug|x64.Build.0 = Debug|Any CPU
		{C03C3A3A-40FE-400F-992E-3604642CC895}.Debug|x86.ActiveCfg = Debug|Any CPU
		{C03C3A3A-40FE-400F-992E-3604642CC895}.Debug|x86.Build.0 = Debug|Any CPU
		{C03C3A3A-40FE-400F-992E-3604642CC895}.Release|Any CPU.ActiveCfg = Release|Any CPU
		{C03C3A3A-40FE-400F-992E-3604642CC895}.Release|Any CPU.Build.0 = Release|Any CPU
		{C03C3A3A-40FE-400F-992E-3604642CC895}.Release|x64.ActiveCfg = Release|Any CPU
		{C03C3A3A-40FE-400F-992E-3604642CC895}.Release|x64.Build.0 = Release|Any CPU
		{C03C3A3A-40FE-400F-992E-3604642CC895}.Release|x86.ActiveCfg = Release|Any CPU
		{C03C3A3A-40FE-400F-992E-3604642CC895}.Release|x86.Build.0 = Release|Any CPU
		{D9074476-BA47-4F31-87A5-EE4280D9EEA1}.Debug|Any CPU.ActiveCfg = Debug|Any CPU
		{D9074476-BA47-4F31-87A5-EE4280D9EEA1}.Debug|Any CPU.Build.0 = Debug|Any CPU
		{D9074476-BA47-4F31-87A5-EE4280D9EEA1}.Debug|x64.ActiveCfg = Debug|Any CPU
		{D9074476-BA47-4F31-87A5-EE4280D9EEA1}.Debug|x64.Build.0 = Debug|Any CPU
		{D9074476-BA47-4F31-87A5-EE4280D9EEA1}.Debug|x86.ActiveCfg = Debug|Any CPU
		{D9074476-BA47-4F31-87A5-EE4280D9EEA1}.Debug|x86.Build.0 = Debug|Any CPU
		{D9074476-BA47-4F31-87A5-EE4280D9EEA1}.Release|Any CPU.ActiveCfg = Release|Any CPU
		{D9074476-BA47-4F31-87A5-EE4280D9EEA1}.Release|Any CPU.Build.0 = Release|Any CPU
		{D9074476-BA47-4F31-87A5-EE4280D9EEA1}.Release|x64.ActiveCfg = Release|Any CPU
		{D9074476-BA47-4F31-87A5-EE4280D9EEA1}.Release|x64.Build.0 = Release|Any CPU
		{D9074476-BA47-4F31-87A5-EE4280D9EEA1}.Release|x86.ActiveCfg = Release|Any CPU
		{D9074476-BA47-4F31-87A5-EE4280D9EEA1}.Release|x86.Build.0 = Release|Any CPU
	EndGlobalSection
	GlobalSection(SolutionProperties) = preSolution
		HideSolutionNode = FALSE
	EndGlobalSection
EndGlobal
